// !$*UTF8*$!
{
	archiveVersion = 1;
	classes = {
	};
	objectVersion = 50;
	objects = {

/* Begin PBXBuildFile section */
		4013194E219DAC3C0066EB0C /* Constants.swift in Sources */ = {isa = PBXBuildFile; fileRef = 4013194D219DAC3C0066EB0C /* Constants.swift */; };
		404064B1219A9EEF00118309 /* RegisterViewController.swift in Sources */ = {isa = PBXBuildFile; fileRef = 404064B0219A9EEF00118309 /* RegisterViewController.swift */; };
		404064B3219AABD000118309 /* AppStoryboard.swift in Sources */ = {isa = PBXBuildFile; fileRef = 404064B2219AABD000118309 /* AppStoryboard.swift */; };
		404064B5219AF03300118309 /* ProfileViewController.swift in Sources */ = {isa = PBXBuildFile; fileRef = 404064B4219AF03300118309 /* ProfileViewController.swift */; };
		404064B7219AF9D500118309 /* CreditCardViewController.swift in Sources */ = {isa = PBXBuildFile; fileRef = 404064B6219AF9D500118309 /* CreditCardViewController.swift */; };
		404064BA219AFC8300118309 /* ColorExtension.swift in Sources */ = {isa = PBXBuildFile; fileRef = 404064B9219AFC8300118309 /* ColorExtension.swift */; };
		404064BC219B170400118309 /* StripeExtension.swift in Sources */ = {isa = PBXBuildFile; fileRef = 404064BB219B170400118309 /* StripeExtension.swift */; };
		404064BF219B8E3F00118309 /* Utils.swift in Sources */ = {isa = PBXBuildFile; fileRef = 404064BE219B8E3F00118309 /* Utils.swift */; };
		404362B9219F1F8400CD5CB4 /* FollowTableViewController.swift in Sources */ = {isa = PBXBuildFile; fileRef = 404362B8219F1F8400CD5CB4 /* FollowTableViewController.swift */; };
		404362BB219F1FB700CD5CB4 /* FollowTableViewCell.swift in Sources */ = {isa = PBXBuildFile; fileRef = 404362BA219F1FB700CD5CB4 /* FollowTableViewCell.swift */; };
		4045E1F621987508004C4A7C /* AppDelegate.swift in Sources */ = {isa = PBXBuildFile; fileRef = 4045E1F521987508004C4A7C /* AppDelegate.swift */; };
		4045E1FE21987508004C4A7C /* Emprendimiento.xcdatamodeld in Sources */ = {isa = PBXBuildFile; fileRef = 4045E1FC21987508004C4A7C /* Emprendimiento.xcdatamodeld */; };
		4045E2002198750A004C4A7C /* Assets.xcassets in Resources */ = {isa = PBXBuildFile; fileRef = 4045E1FF2198750A004C4A7C /* Assets.xcassets */; };
		4045E2032198750A004C4A7C /* LaunchScreen.storyboard in Resources */ = {isa = PBXBuildFile; fileRef = 4045E2012198750A004C4A7C /* LaunchScreen.storyboard */; };
		4045E20E2198750A004C4A7C /* EmprendimientoTests.swift in Sources */ = {isa = PBXBuildFile; fileRef = 4045E20D2198750A004C4A7C /* EmprendimientoTests.swift */; };
		4045E2192198750A004C4A7C /* EmprendimientoUITests.swift in Sources */ = {isa = PBXBuildFile; fileRef = 4045E2182198750A004C4A7C /* EmprendimientoUITests.swift */; };
		4045E22B219895F0004C4A7C /* Login.storyboard in Resources */ = {isa = PBXBuildFile; fileRef = 4045E22A219895F0004C4A7C /* Login.storyboard */; };
		4045E22D2198BD79004C4A7C /* Main.storyboard in Resources */ = {isa = PBXBuildFile; fileRef = 4045E22C2198BD79004C4A7C /* Main.storyboard */; };
		4045E2342198C10D004C4A7C /* Profile.storyboard in Resources */ = {isa = PBXBuildFile; fileRef = 4045E2332198C10D004C4A7C /* Profile.storyboard */; };
		4045E2362198C118004C4A7C /* Restaurant.storyboard in Resources */ = {isa = PBXBuildFile; fileRef = 4045E2352198C118004C4A7C /* Restaurant.storyboard */; };
		4045E2392198CCAC004C4A7C /* Order.storyboard in Resources */ = {isa = PBXBuildFile; fileRef = 4045E2382198CCAC004C4A7C /* Order.storyboard */; };
		4045E24D2198E46C004C4A7C /* ModelStore.swift in Sources */ = {isa = PBXBuildFile; fileRef = 4045E24C2198E46C004C4A7C /* ModelStore.swift */; };
		404671C9219F456E00EF1ADB /* RestaurantsCollectionViewController.swift in Sources */ = {isa = PBXBuildFile; fileRef = 404671C8219F456E00EF1ADB /* RestaurantsCollectionViewController.swift */; };
		404671CB219F4EF800EF1ADB /* RestaurantCollectionViewCell.swift in Sources */ = {isa = PBXBuildFile; fileRef = 404671CA219F4EF800EF1ADB /* RestaurantCollectionViewCell.swift */; };
		404671D021A11F7000EF1ADB /* CommentsTableViewController.swift in Sources */ = {isa = PBXBuildFile; fileRef = 404671CF21A11F7000EF1ADB /* CommentsTableViewController.swift */; };
		404671D221A11FD400EF1ADB /* CommentTableViewCell.swift in Sources */ = {isa = PBXBuildFile; fileRef = 404671D121A11FD400EF1ADB /* CommentTableViewCell.swift */; };
		404671D521A19F5C00EF1ADB /* GoogleService-Info.plist in Resources */ = {isa = PBXBuildFile; fileRef = 404671D421A19F5C00EF1ADB /* GoogleService-Info.plist */; };
		40D44A8821A1A86900700F4B /* RestaurantDetailViewController.swift in Sources */ = {isa = PBXBuildFile; fileRef = 40D44A8721A1A86900700F4B /* RestaurantDetailViewController.swift */; };
		40EF110A219943D500D7FD94 /* LoginViewController.swift in Sources */ = {isa = PBXBuildFile; fileRef = 40EF1109219943D500D7FD94 /* LoginViewController.swift */; };
		48D962FE9810A5E9291A7D6E /* Pods_Emprendimiento.framework in Frameworks */ = {isa = PBXBuildFile; fileRef = E9B8D04453E7AF7BB2AA9719 /* Pods_Emprendimiento.framework */; };
		A634EB4C5F7E39D9FD901FB5 /* Pods_EmprendimientoUITests.framework in Frameworks */ = {isa = PBXBuildFile; fileRef = 8BF7670EFCCC73127B8B2F0C /* Pods_EmprendimientoUITests.framework */; };
		D1E108B6F0BEC4B53E00FD8C /* Pods_EmprendimientoTests.framework in Frameworks */ = {isa = PBXBuildFile; fileRef = 0A502AEA5A3D1FE110C7344B /* Pods_EmprendimientoTests.framework */; };
/* End PBXBuildFile section */

/* Begin PBXContainerItemProxy section */
		4045E20A2198750A004C4A7C /* PBXContainerItemProxy */ = {
			isa = PBXContainerItemProxy;
			containerPortal = 4045E1EA21987508004C4A7C /* Project object */;
			proxyType = 1;
			remoteGlobalIDString = 4045E1F121987508004C4A7C;
			remoteInfo = Emprendimiento;
		};
		4045E2152198750A004C4A7C /* PBXContainerItemProxy */ = {
			isa = PBXContainerItemProxy;
			containerPortal = 4045E1EA21987508004C4A7C /* Project object */;
			proxyType = 1;
			remoteGlobalIDString = 4045E1F121987508004C4A7C;
			remoteInfo = Emprendimiento;
		};
/* End PBXContainerItemProxy section */

/* Begin PBXFileReference section */
		0A502AEA5A3D1FE110C7344B /* Pods_EmprendimientoTests.framework */ = {isa = PBXFileReference; explicitFileType = wrapper.framework; includeInIndex = 0; path = Pods_EmprendimientoTests.framework; sourceTree = BUILT_PRODUCTS_DIR; };
		2E2CD29D2FE03BB4F4E145CD /* Pods-EmprendimientoUITests.release.xcconfig */ = {isa = PBXFileReference; includeInIndex = 1; lastKnownFileType = text.xcconfig; name = "Pods-EmprendimientoUITests.release.xcconfig"; path = "Pods/Target Support Files/Pods-EmprendimientoUITests/Pods-EmprendimientoUITests.release.xcconfig"; sourceTree = "<group>"; };
		3AB82EEF05BA0A759EBA948C /* Pods-EmprendimientoTests.release.xcconfig */ = {isa = PBXFileReference; includeInIndex = 1; lastKnownFileType = text.xcconfig; name = "Pods-EmprendimientoTests.release.xcconfig"; path = "Pods/Target Support Files/Pods-EmprendimientoTests/Pods-EmprendimientoTests.release.xcconfig"; sourceTree = "<group>"; };
		4013194D219DAC3C0066EB0C /* Constants.swift */ = {isa = PBXFileReference; lastKnownFileType = sourcecode.swift; path = Constants.swift; sourceTree = "<group>"; };
		404064B0219A9EEF00118309 /* RegisterViewController.swift */ = {isa = PBXFileReference; lastKnownFileType = sourcecode.swift; path = RegisterViewController.swift; sourceTree = "<group>"; };
		404064B2219AABD000118309 /* AppStoryboard.swift */ = {isa = PBXFileReference; lastKnownFileType = sourcecode.swift; path = AppStoryboard.swift; sourceTree = "<group>"; };
		404064B4219AF03300118309 /* ProfileViewController.swift */ = {isa = PBXFileReference; lastKnownFileType = sourcecode.swift; path = ProfileViewController.swift; sourceTree = "<group>"; };
		404064B6219AF9D500118309 /* CreditCardViewController.swift */ = {isa = PBXFileReference; lastKnownFileType = sourcecode.swift; path = CreditCardViewController.swift; sourceTree = "<group>"; };
		404064B9219AFC8300118309 /* ColorExtension.swift */ = {isa = PBXFileReference; lastKnownFileType = sourcecode.swift; path = ColorExtension.swift; sourceTree = "<group>"; };
		404064BB219B170400118309 /* StripeExtension.swift */ = {isa = PBXFileReference; lastKnownFileType = sourcecode.swift; path = StripeExtension.swift; sourceTree = "<group>"; };
		404064BE219B8E3F00118309 /* Utils.swift */ = {isa = PBXFileReference; lastKnownFileType = sourcecode.swift; path = Utils.swift; sourceTree = "<group>"; };
		404362B8219F1F8400CD5CB4 /* FollowTableViewController.swift */ = {isa = PBXFileReference; lastKnownFileType = sourcecode.swift; path = FollowTableViewController.swift; sourceTree = "<group>"; };
		404362BA219F1FB700CD5CB4 /* FollowTableViewCell.swift */ = {isa = PBXFileReference; lastKnownFileType = sourcecode.swift; path = FollowTableViewCell.swift; sourceTree = "<group>"; };
		4045E1F221987508004C4A7C /* Emprendimiento.app */ = {isa = PBXFileReference; explicitFileType = wrapper.application; includeInIndex = 0; path = Emprendimiento.app; sourceTree = BUILT_PRODUCTS_DIR; };
		4045E1F521987508004C4A7C /* AppDelegate.swift */ = {isa = PBXFileReference; lastKnownFileType = sourcecode.swift; path = AppDelegate.swift; sourceTree = "<group>"; };
		4045E1FD21987508004C4A7C /* Emprendimiento.xcdatamodel */ = {isa = PBXFileReference; lastKnownFileType = wrapper.xcdatamodel; path = Emprendimiento.xcdatamodel; sourceTree = "<group>"; };
		4045E1FF2198750A004C4A7C /* Assets.xcassets */ = {isa = PBXFileReference; lastKnownFileType = folder.assetcatalog; path = Assets.xcassets; sourceTree = "<group>"; };
		4045E2022198750A004C4A7C /* Base */ = {isa = PBXFileReference; lastKnownFileType = file.storyboard; name = Base; path = Base.lproj/LaunchScreen.storyboard; sourceTree = "<group>"; };
		4045E2042198750A004C4A7C /* Info.plist */ = {isa = PBXFileReference; lastKnownFileType = text.plist.xml; path = Info.plist; sourceTree = "<group>"; };
		4045E2092198750A004C4A7C /* EmprendimientoTests.xctest */ = {isa = PBXFileReference; explicitFileType = wrapper.cfbundle; includeInIndex = 0; path = EmprendimientoTests.xctest; sourceTree = BUILT_PRODUCTS_DIR; };
		4045E20D2198750A004C4A7C /* EmprendimientoTests.swift */ = {isa = PBXFileReference; lastKnownFileType = sourcecode.swift; path = EmprendimientoTests.swift; sourceTree = "<group>"; };
		4045E20F2198750A004C4A7C /* Info.plist */ = {isa = PBXFileReference; lastKnownFileType = text.plist.xml; path = Info.plist; sourceTree = "<group>"; };
		4045E2142198750A004C4A7C /* EmprendimientoUITests.xctest */ = {isa = PBXFileReference; explicitFileType = wrapper.cfbundle; includeInIndex = 0; path = EmprendimientoUITests.xctest; sourceTree = BUILT_PRODUCTS_DIR; };
		4045E2182198750A004C4A7C /* EmprendimientoUITests.swift */ = {isa = PBXFileReference; lastKnownFileType = sourcecode.swift; path = EmprendimientoUITests.swift; sourceTree = "<group>"; };
		4045E21A2198750A004C4A7C /* Info.plist */ = {isa = PBXFileReference; lastKnownFileType = text.plist.xml; path = Info.plist; sourceTree = "<group>"; };
		4045E22A219895F0004C4A7C /* Login.storyboard */ = {isa = PBXFileReference; lastKnownFileType = file.storyboard; path = Login.storyboard; sourceTree = "<group>"; };
		4045E22C2198BD79004C4A7C /* Main.storyboard */ = {isa = PBXFileReference; lastKnownFileType = file.storyboard; path = Main.storyboard; sourceTree = "<group>"; };
		4045E2332198C10D004C4A7C /* Profile.storyboard */ = {isa = PBXFileReference; lastKnownFileType = file.storyboard; path = Profile.storyboard; sourceTree = "<group>"; };
		4045E2352198C118004C4A7C /* Restaurant.storyboard */ = {isa = PBXFileReference; lastKnownFileType = file.storyboard; path = Restaurant.storyboard; sourceTree = "<group>"; };
		4045E2382198CCAC004C4A7C /* Order.storyboard */ = {isa = PBXFileReference; lastKnownFileType = file.storyboard; path = Order.storyboard; sourceTree = "<group>"; };
		4045E24C2198E46C004C4A7C /* ModelStore.swift */ = {isa = PBXFileReference; lastKnownFileType = sourcecode.swift; path = ModelStore.swift; sourceTree = "<group>"; };
		404671C8219F456E00EF1ADB /* RestaurantsCollectionViewController.swift */ = {isa = PBXFileReference; lastKnownFileType = sourcecode.swift; path = RestaurantsCollectionViewController.swift; sourceTree = "<group>"; };
		404671CA219F4EF800EF1ADB /* RestaurantCollectionViewCell.swift */ = {isa = PBXFileReference; lastKnownFileType = sourcecode.swift; path = RestaurantCollectionViewCell.swift; sourceTree = "<group>"; };
		404671CF21A11F7000EF1ADB /* CommentsTableViewController.swift */ = {isa = PBXFileReference; lastKnownFileType = sourcecode.swift; path = CommentsTableViewController.swift; sourceTree = "<group>"; };
		404671D121A11FD400EF1ADB /* CommentTableViewCell.swift */ = {isa = PBXFileReference; lastKnownFileType = sourcecode.swift; path = CommentTableViewCell.swift; sourceTree = "<group>"; };
		404671D421A19F5C00EF1ADB /* GoogleService-Info.plist */ = {isa = PBXFileReference; fileEncoding = 4; lastKnownFileType = text.plist.xml; path = "GoogleService-Info.plist"; sourceTree = "<group>"; };
		40D44A8721A1A86900700F4B /* RestaurantDetailViewController.swift */ = {isa = PBXFileReference; lastKnownFileType = sourcecode.swift; path = RestaurantDetailViewController.swift; sourceTree = "<group>"; };
		40EF1109219943D500D7FD94 /* LoginViewController.swift */ = {isa = PBXFileReference; lastKnownFileType = sourcecode.swift; path = LoginViewController.swift; sourceTree = "<group>"; };
		4423F6BAD884679C2F747D0F /* Pods-Emprendimiento.release.xcconfig */ = {isa = PBXFileReference; includeInIndex = 1; lastKnownFileType = text.xcconfig; name = "Pods-Emprendimiento.release.xcconfig"; path = "Pods/Target Support Files/Pods-Emprendimiento/Pods-Emprendimiento.release.xcconfig"; sourceTree = "<group>"; };
		4AFA5A993DE86A9642060053 /* Pods-EmprendimientoTests.debug.xcconfig */ = {isa = PBXFileReference; includeInIndex = 1; lastKnownFileType = text.xcconfig; name = "Pods-EmprendimientoTests.debug.xcconfig"; path = "Pods/Target Support Files/Pods-EmprendimientoTests/Pods-EmprendimientoTests.debug.xcconfig"; sourceTree = "<group>"; };
		5BE797AB67CCFAFA7EB4ACF0 /* Pods-EmprendimientoUITests.debug.xcconfig */ = {isa = PBXFileReference; includeInIndex = 1; lastKnownFileType = text.xcconfig; name = "Pods-EmprendimientoUITests.debug.xcconfig"; path = "Pods/Target Support Files/Pods-EmprendimientoUITests/Pods-EmprendimientoUITests.debug.xcconfig"; sourceTree = "<group>"; };
		794591F2223605DB04B298E1 /* Pods-Emprendimiento.debug.xcconfig */ = {isa = PBXFileReference; includeInIndex = 1; lastKnownFileType = text.xcconfig; name = "Pods-Emprendimiento.debug.xcconfig"; path = "Pods/Target Support Files/Pods-Emprendimiento/Pods-Emprendimiento.debug.xcconfig"; sourceTree = "<group>"; };
		8BF7670EFCCC73127B8B2F0C /* Pods_EmprendimientoUITests.framework */ = {isa = PBXFileReference; explicitFileType = wrapper.framework; includeInIndex = 0; path = Pods_EmprendimientoUITests.framework; sourceTree = BUILT_PRODUCTS_DIR; };
		E9B8D04453E7AF7BB2AA9719 /* Pods_Emprendimiento.framework */ = {isa = PBXFileReference; explicitFileType = wrapper.framework; includeInIndex = 0; path = Pods_Emprendimiento.framework; sourceTree = BUILT_PRODUCTS_DIR; };
/* End PBXFileReference section */

/* Begin PBXFrameworksBuildPhase section */
		4045E1EF21987508004C4A7C /* Frameworks */ = {
			isa = PBXFrameworksBuildPhase;
			buildActionMask = 2147483647;
			files = (
				48D962FE9810A5E9291A7D6E /* Pods_Emprendimiento.framework in Frameworks */,
			);
			runOnlyForDeploymentPostprocessing = 0;
		};
		4045E2062198750A004C4A7C /* Frameworks */ = {
			isa = PBXFrameworksBuildPhase;
			buildActionMask = 2147483647;
			files = (
				D1E108B6F0BEC4B53E00FD8C /* Pods_EmprendimientoTests.framework in Frameworks */,
			);
			runOnlyForDeploymentPostprocessing = 0;
		};
		4045E2112198750A004C4A7C /* Frameworks */ = {
			isa = PBXFrameworksBuildPhase;
			buildActionMask = 2147483647;
			files = (
				A634EB4C5F7E39D9FD901FB5 /* Pods_EmprendimientoUITests.framework in Frameworks */,
			);
			runOnlyForDeploymentPostprocessing = 0;
		};
/* End PBXFrameworksBuildPhase section */

/* Begin PBXGroup section */
		404064B8219AFC7600118309 /* Extension */ = {
			isa = PBXGroup;
			children = (
				404064B9219AFC8300118309 /* ColorExtension.swift */,
				404064BB219B170400118309 /* StripeExtension.swift */,
			);
			path = Extension;
			sourceTree = "<group>";
		};
		404064BD219B8E2500118309 /* Utils */ = {
			isa = PBXGroup;
			children = (
				404064BE219B8E3F00118309 /* Utils.swift */,
				4013194D219DAC3C0066EB0C /* Constants.swift */,
			);
			path = Utils;
			sourceTree = "<group>";
		};
		404362B7219F1F2A00CD5CB4 /* Follow */ = {
			isa = PBXGroup;
			children = (
				404362B8219F1F8400CD5CB4 /* FollowTableViewController.swift */,
				404362BA219F1FB700CD5CB4 /* FollowTableViewCell.swift */,
			);
			path = Follow;
			sourceTree = "<group>";
		};
		4045E1E921987508004C4A7C = {
			isa = PBXGroup;
			children = (
				4045E1F421987508004C4A7C /* Emprendimiento */,
				4045E20C2198750A004C4A7C /* EmprendimientoTests */,
				4045E2172198750A004C4A7C /* EmprendimientoUITests */,
				4045E1F321987508004C4A7C /* Products */,
				C8F548D1C15A1B378202540E /* Pods */,
				630F09C5BF16436325ABEAD1 /* Frameworks */,
			);
			sourceTree = "<group>";
		};
		4045E1F321987508004C4A7C /* Products */ = {
			isa = PBXGroup;
			children = (
				4045E1F221987508004C4A7C /* Emprendimiento.app */,
				4045E2092198750A004C4A7C /* EmprendimientoTests.xctest */,
				4045E2142198750A004C4A7C /* EmprendimientoUITests.xctest */,
			);
			name = Products;
			sourceTree = "<group>";
		};
		4045E1F421987508004C4A7C /* Emprendimiento */ = {
			isa = PBXGroup;
			children = (
				4045E22621988C80004C4A7C /* Delegate */,
				404064B8219AFC7600118309 /* Extension */,
				404671D321A19E3300EF1ADB /* Firebase */,
				4045E22721988CA8004C4A7C /* Login */,
				4045E22921988CDE004C4A7C /* Main */,
				4045E2372198CC65004C4A7C /* Order */,
				4045E2302198C0E0004C4A7C /* Profile */,
				4045E22F2198C0DA004C4A7C /* Restaurant */,
				404064BD219B8E2500118309 /* Utils */,
				4045E2042198750A004C4A7C /* Info.plist */,
				4045E1FC21987508004C4A7C /* Emprendimiento.xcdatamodeld */,
			);
			path = Emprendimiento;
			sourceTree = "<group>";
		};
		4045E20C2198750A004C4A7C /* EmprendimientoTests */ = {
			isa = PBXGroup;
			children = (
				4045E20D2198750A004C4A7C /* EmprendimientoTests.swift */,
				4045E20F2198750A004C4A7C /* Info.plist */,
			);
			path = EmprendimientoTests;
			sourceTree = "<group>";
		};
		4045E2172198750A004C4A7C /* EmprendimientoUITests */ = {
			isa = PBXGroup;
			children = (
				4045E2182198750A004C4A7C /* EmprendimientoUITests.swift */,
				4045E21A2198750A004C4A7C /* Info.plist */,
			);
			path = EmprendimientoUITests;
			sourceTree = "<group>";
		};
		4045E22621988C80004C4A7C /* Delegate */ = {
			isa = PBXGroup;
			children = (
				4045E2012198750A004C4A7C /* LaunchScreen.storyboard */,
				4045E1FF2198750A004C4A7C /* Assets.xcassets */,
				4045E1F521987508004C4A7C /* AppDelegate.swift */,
				4045E24C2198E46C004C4A7C /* ModelStore.swift */,
				404064B2219AABD000118309 /* AppStoryboard.swift */,
			);
			path = Delegate;
			sourceTree = "<group>";
		};
		4045E22721988CA8004C4A7C /* Login */ = {
			isa = PBXGroup;
			children = (
				4045E22A219895F0004C4A7C /* Login.storyboard */,
				40EF1109219943D500D7FD94 /* LoginViewController.swift */,
				404064B0219A9EEF00118309 /* RegisterViewController.swift */,
				404064B6219AF9D500118309 /* CreditCardViewController.swift */,
			);
			path = Login;
			sourceTree = "<group>";
		};
		4045E22921988CDE004C4A7C /* Main */ = {
			isa = PBXGroup;
			children = (
				4045E22C2198BD79004C4A7C /* Main.storyboard */,
			);
			path = Main;
			sourceTree = "<group>";
		};
		4045E22F2198C0DA004C4A7C /* Restaurant */ = {
			isa = PBXGroup;
			children = (
				4045E2352198C118004C4A7C /* Restaurant.storyboard */,
				404671CC219F4EFD00EF1ADB /* ListRestaurant */,
				404671CD21A0EAA500EF1ADB /* RestaurantDetail */,
				404671CE21A11F4900EF1ADB /* ShowComments */,
			);
			path = Restaurant;
			sourceTree = "<group>";
		};
		4045E2302198C0E0004C4A7C /* Profile */ = {
			isa = PBXGroup;
			children = (
				4045E2332198C10D004C4A7C /* Profile.storyboard */,
				404064B4219AF03300118309 /* ProfileViewController.swift */,
				404362B7219F1F2A00CD5CB4 /* Follow */,
			);
			path = Profile;
			sourceTree = "<group>";
		};
		4045E2372198CC65004C4A7C /* Order */ = {
			isa = PBXGroup;
			children = (
				4045E2382198CCAC004C4A7C /* Order.storyboard */,
			);
			path = Order;
			sourceTree = "<group>";
		};
		404671CC219F4EFD00EF1ADB /* ListRestaurant */ = {
			isa = PBXGroup;
			children = (
				404671C8219F456E00EF1ADB /* RestaurantsCollectionViewController.swift */,
				404671CA219F4EF800EF1ADB /* RestaurantCollectionViewCell.swift */,
			);
			path = ListRestaurant;
			sourceTree = "<group>";
		};
		404671CD21A0EAA500EF1ADB /* RestaurantDetail */ = {
			isa = PBXGroup;
			children = (
				40D44A8721A1A86900700F4B /* RestaurantDetailViewController.swift */,
			);
			path = RestaurantDetail;
			sourceTree = "<group>";
		};
		404671CE21A11F4900EF1ADB /* ShowComments */ = {
			isa = PBXGroup;
			children = (
				404671CF21A11F7000EF1ADB /* CommentsTableViewController.swift */,
				404671D121A11FD400EF1ADB /* CommentTableViewCell.swift */,
			);
			path = ShowComments;
			sourceTree = "<group>";
		};
		404671D321A19E3300EF1ADB /* Firebase */ = {
			isa = PBXGroup;
			children = (
				404671D421A19F5C00EF1ADB /* GoogleService-Info.plist */,
			);
			path = Firebase;
			sourceTree = "<group>";
		};
		630F09C5BF16436325ABEAD1 /* Frameworks */ = {
			isa = PBXGroup;
			children = (
				E9B8D04453E7AF7BB2AA9719 /* Pods_Emprendimiento.framework */,
				0A502AEA5A3D1FE110C7344B /* Pods_EmprendimientoTests.framework */,
				8BF7670EFCCC73127B8B2F0C /* Pods_EmprendimientoUITests.framework */,
			);
			name = Frameworks;
			sourceTree = "<group>";
		};
		C8F548D1C15A1B378202540E /* Pods */ = {
			isa = PBXGroup;
			children = (
				794591F2223605DB04B298E1 /* Pods-Emprendimiento.debug.xcconfig */,
				4423F6BAD884679C2F747D0F /* Pods-Emprendimiento.release.xcconfig */,
				4AFA5A993DE86A9642060053 /* Pods-EmprendimientoTests.debug.xcconfig */,
				3AB82EEF05BA0A759EBA948C /* Pods-EmprendimientoTests.release.xcconfig */,
				5BE797AB67CCFAFA7EB4ACF0 /* Pods-EmprendimientoUITests.debug.xcconfig */,
				2E2CD29D2FE03BB4F4E145CD /* Pods-EmprendimientoUITests.release.xcconfig */,
			);
			name = Pods;
			sourceTree = "<group>";
		};
/* End PBXGroup section */

/* Begin PBXNativeTarget section */
		4045E1F121987508004C4A7C /* Emprendimiento */ = {
			isa = PBXNativeTarget;
			buildConfigurationList = 4045E21D2198750A004C4A7C /* Build configuration list for PBXNativeTarget "Emprendimiento" */;
			buildPhases = (
				FDD01099F0093168A65BD616 /* [CP] Check Pods Manifest.lock */,
				4045E1EE21987508004C4A7C /* Sources */,
				4045E1EF21987508004C4A7C /* Frameworks */,
				4045E1F021987508004C4A7C /* Resources */,
				3B88A0D049E32D9D791E798A /* [CP] Embed Pods Frameworks */,
			);
			buildRules = (
			);
			dependencies = (
			);
			name = Emprendimiento;
			productName = Emprendimiento;
			productReference = 4045E1F221987508004C4A7C /* Emprendimiento.app */;
			productType = "com.apple.product-type.application";
		};
		4045E2082198750A004C4A7C /* EmprendimientoTests */ = {
			isa = PBXNativeTarget;
			buildConfigurationList = 4045E2202198750A004C4A7C /* Build configuration list for PBXNativeTarget "EmprendimientoTests" */;
			buildPhases = (
				AA19AFEF727853A3170A309D /* [CP] Check Pods Manifest.lock */,
				4045E2052198750A004C4A7C /* Sources */,
				4045E2062198750A004C4A7C /* Frameworks */,
				4045E2072198750A004C4A7C /* Resources */,
			);
			buildRules = (
			);
			dependencies = (
				4045E20B2198750A004C4A7C /* PBXTargetDependency */,
			);
			name = EmprendimientoTests;
			productName = EmprendimientoTests;
			productReference = 4045E2092198750A004C4A7C /* EmprendimientoTests.xctest */;
			productType = "com.apple.product-type.bundle.unit-test";
		};
		4045E2132198750A004C4A7C /* EmprendimientoUITests */ = {
			isa = PBXNativeTarget;
			buildConfigurationList = 4045E2232198750A004C4A7C /* Build configuration list for PBXNativeTarget "EmprendimientoUITests" */;
			buildPhases = (
				A10C69666089A8D56D5C4E0F /* [CP] Check Pods Manifest.lock */,
				4045E2102198750A004C4A7C /* Sources */,
				4045E2112198750A004C4A7C /* Frameworks */,
				4045E2122198750A004C4A7C /* Resources */,
			);
			buildRules = (
			);
			dependencies = (
				4045E2162198750A004C4A7C /* PBXTargetDependency */,
			);
			name = EmprendimientoUITests;
			productName = EmprendimientoUITests;
			productReference = 4045E2142198750A004C4A7C /* EmprendimientoUITests.xctest */;
			productType = "com.apple.product-type.bundle.ui-testing";
		};
/* End PBXNativeTarget section */

/* Begin PBXProject section */
		4045E1EA21987508004C4A7C /* Project object */ = {
			isa = PBXProject;
			attributes = {
				LastSwiftUpdateCheck = 0940;
				LastUpgradeCheck = 0940;
				ORGANIZATIONNAME = Own;
				TargetAttributes = {
					4045E1F121987508004C4A7C = {
						CreatedOnToolsVersion = 9.4;
					};
					4045E2082198750A004C4A7C = {
						CreatedOnToolsVersion = 9.4;
						TestTargetID = 4045E1F121987508004C4A7C;
					};
					4045E2132198750A004C4A7C = {
						CreatedOnToolsVersion = 9.4;
						TestTargetID = 4045E1F121987508004C4A7C;
					};
				};
			};
			buildConfigurationList = 4045E1ED21987508004C4A7C /* Build configuration list for PBXProject "Emprendimiento" */;
			compatibilityVersion = "Xcode 9.3";
			developmentRegion = en;
			hasScannedForEncodings = 0;
			knownRegions = (
				en,
				Base,
			);
			mainGroup = 4045E1E921987508004C4A7C;
			productRefGroup = 4045E1F321987508004C4A7C /* Products */;
			projectDirPath = "";
			projectRoot = "";
			targets = (
				4045E1F121987508004C4A7C /* Emprendimiento */,
				4045E2082198750A004C4A7C /* EmprendimientoTests */,
				4045E2132198750A004C4A7C /* EmprendimientoUITests */,
			);
		};
/* End PBXProject section */

/* Begin PBXResourcesBuildPhase section */
		4045E1F021987508004C4A7C /* Resources */ = {
			isa = PBXResourcesBuildPhase;
			buildActionMask = 2147483647;
			files = (
				4045E2342198C10D004C4A7C /* Profile.storyboard in Resources */,
				404671D521A19F5C00EF1ADB /* GoogleService-Info.plist in Resources */,
				4045E2032198750A004C4A7C /* LaunchScreen.storyboard in Resources */,
				4045E2362198C118004C4A7C /* Restaurant.storyboard in Resources */,
				4045E2002198750A004C4A7C /* Assets.xcassets in Resources */,
				4045E2392198CCAC004C4A7C /* Order.storyboard in Resources */,
				4045E22B219895F0004C4A7C /* Login.storyboard in Resources */,
				4045E22D2198BD79004C4A7C /* Main.storyboard in Resources */,
			);
			runOnlyForDeploymentPostprocessing = 0;
		};
		4045E2072198750A004C4A7C /* Resources */ = {
			isa = PBXResourcesBuildPhase;
			buildActionMask = 2147483647;
			files = (
			);
			runOnlyForDeploymentPostprocessing = 0;
		};
		4045E2122198750A004C4A7C /* Resources */ = {
			isa = PBXResourcesBuildPhase;
			buildActionMask = 2147483647;
			files = (
			);
			runOnlyForDeploymentPostprocessing = 0;
		};
/* End PBXResourcesBuildPhase section */

/* Begin PBXShellScriptBuildPhase section */
		3B88A0D049E32D9D791E798A /* [CP] Embed Pods Frameworks */ = {
			isa = PBXShellScriptBuildPhase;
			buildActionMask = 2147483647;
			files = (
			);
			inputPaths = (
				"${SRCROOT}/Pods/Target Support Files/Pods-Emprendimiento/Pods-Emprendimiento-frameworks.sh",
				"${BUILT_PRODUCTS_DIR}/Alamofire/Alamofire.framework",
				"${BUILT_PRODUCTS_DIR}/AlamofireImage/AlamofireImage.framework",
				"${BUILT_PRODUCTS_DIR}/CreditCardForm/CreditCardForm.framework",
				"${BUILT_PRODUCTS_DIR}/GTMSessionFetcher/GTMSessionFetcher.framework",
				"${BUILT_PRODUCTS_DIR}/GoogleUtilities/GoogleUtilities.framework",
				"${BUILT_PRODUCTS_DIR}/Stripe/Stripe.framework",
				"${BUILT_PRODUCTS_DIR}/SwiftyJSON/SwiftyJSON.framework",
				"${BUILT_PRODUCTS_DIR}/leveldb-library/leveldb.framework",
				"${BUILT_PRODUCTS_DIR}/nanopb/nanopb.framework",
			);
			name = "[CP] Embed Pods Frameworks";
			outputPaths = (
				"${TARGET_BUILD_DIR}/${FRAMEWORKS_FOLDER_PATH}/Alamofire.framework",
				"${TARGET_BUILD_DIR}/${FRAMEWORKS_FOLDER_PATH}/AlamofireImage.framework",
				"${TARGET_BUILD_DIR}/${FRAMEWORKS_FOLDER_PATH}/CreditCardForm.framework",
				"${TARGET_BUILD_DIR}/${FRAMEWORKS_FOLDER_PATH}/GTMSessionFetcher.framework",
				"${TARGET_BUILD_DIR}/${FRAMEWORKS_FOLDER_PATH}/GoogleUtilities.framework",
				"${TARGET_BUILD_DIR}/${FRAMEWORKS_FOLDER_PATH}/Stripe.framework",
				"${TARGET_BUILD_DIR}/${FRAMEWORKS_FOLDER_PATH}/SwiftyJSON.framework",
				"${TARGET_BUILD_DIR}/${FRAMEWORKS_FOLDER_PATH}/leveldb.framework",
				"${TARGET_BUILD_DIR}/${FRAMEWORKS_FOLDER_PATH}/nanopb.framework",
			);
			runOnlyForDeploymentPostprocessing = 0;
			shellPath = /bin/sh;
			shellScript = "\"${SRCROOT}/Pods/Target Support Files/Pods-Emprendimiento/Pods-Emprendimiento-frameworks.sh\"\n";
			showEnvVarsInLog = 0;
		};
		A10C69666089A8D56D5C4E0F /* [CP] Check Pods Manifest.lock */ = {
			isa = PBXShellScriptBuildPhase;
			buildActionMask = 2147483647;
			files = (
			);
			inputPaths = (
				"${PODS_PODFILE_DIR_PATH}/Podfile.lock",
				"${PODS_ROOT}/Manifest.lock",
			);
			name = "[CP] Check Pods Manifest.lock";
			outputPaths = (
				"$(DERIVED_FILE_DIR)/Pods-EmprendimientoUITests-checkManifestLockResult.txt",
			);
			runOnlyForDeploymentPostprocessing = 0;
			shellPath = /bin/sh;
			shellScript = "diff \"${PODS_PODFILE_DIR_PATH}/Podfile.lock\" \"${PODS_ROOT}/Manifest.lock\" > /dev/null\nif [ $? != 0 ] ; then\n    # print error to STDERR\n    echo \"error: The sandbox is not in sync with the Podfile.lock. Run 'pod install' or update your CocoaPods installation.\" >&2\n    exit 1\nfi\n# This output is used by Xcode 'outputs' to avoid re-running this script phase.\necho \"SUCCESS\" > \"${SCRIPT_OUTPUT_FILE_0}\"\n";
			showEnvVarsInLog = 0;
		};
		AA19AFEF727853A3170A309D /* [CP] Check Pods Manifest.lock */ = {
			isa = PBXShellScriptBuildPhase;
			buildActionMask = 2147483647;
			files = (
			);
			inputPaths = (
				"${PODS_PODFILE_DIR_PATH}/Podfile.lock",
				"${PODS_ROOT}/Manifest.lock",
			);
			name = "[CP] Check Pods Manifest.lock";
			outputPaths = (
				"$(DERIVED_FILE_DIR)/Pods-EmprendimientoTests-checkManifestLockResult.txt",
			);
			runOnlyForDeploymentPostprocessing = 0;
			shellPath = /bin/sh;
			shellScript = "diff \"${PODS_PODFILE_DIR_PATH}/Podfile.lock\" \"${PODS_ROOT}/Manifest.lock\" > /dev/null\nif [ $? != 0 ] ; then\n    # print error to STDERR\n    echo \"error: The sandbox is not in sync with the Podfile.lock. Run 'pod install' or update your CocoaPods installation.\" >&2\n    exit 1\nfi\n# This output is used by Xcode 'outputs' to avoid re-running this script phase.\necho \"SUCCESS\" > \"${SCRIPT_OUTPUT_FILE_0}\"\n";
			showEnvVarsInLog = 0;
		};
		FDD01099F0093168A65BD616 /* [CP] Check Pods Manifest.lock */ = {
			isa = PBXShellScriptBuildPhase;
			buildActionMask = 2147483647;
			files = (
			);
			inputPaths = (
				"${PODS_PODFILE_DIR_PATH}/Podfile.lock",
				"${PODS_ROOT}/Manifest.lock",
			);
			name = "[CP] Check Pods Manifest.lock";
			outputPaths = (
				"$(DERIVED_FILE_DIR)/Pods-Emprendimiento-checkManifestLockResult.txt",
			);
			runOnlyForDeploymentPostprocessing = 0;
			shellPath = /bin/sh;
			shellScript = "diff \"${PODS_PODFILE_DIR_PATH}/Podfile.lock\" \"${PODS_ROOT}/Manifest.lock\" > /dev/null\nif [ $? != 0 ] ; then\n    # print error to STDERR\n    echo \"error: The sandbox is not in sync with the Podfile.lock. Run 'pod install' or update your CocoaPods installation.\" >&2\n    exit 1\nfi\n# This output is used by Xcode 'outputs' to avoid re-running this script phase.\necho \"SUCCESS\" > \"${SCRIPT_OUTPUT_FILE_0}\"\n";
			showEnvVarsInLog = 0;
		};
/* End PBXShellScriptBuildPhase section */

/* Begin PBXSourcesBuildPhase section */
		4045E1EE21987508004C4A7C /* Sources */ = {
			isa = PBXSourcesBuildPhase;
			buildActionMask = 2147483647;
			files = (
				404671C9219F456E00EF1ADB /* RestaurantsCollectionViewController.swift in Sources */,
				404671CB219F4EF800EF1ADB /* RestaurantCollectionViewCell.swift in Sources */,
				40D44A8821A1A86900700F4B /* RestaurantDetailViewController.swift in Sources */,
				40EF110A219943D500D7FD94 /* LoginViewController.swift in Sources */,
				404064B1219A9EEF00118309 /* RegisterViewController.swift in Sources */,
				404362BB219F1FB700CD5CB4 /* FollowTableViewCell.swift in Sources */,
				404671D021A11F7000EF1ADB /* CommentsTableViewController.swift in Sources */,
				4045E1FE21987508004C4A7C /* Emprendimiento.xcdatamodeld in Sources */,
				404064BA219AFC8300118309 /* ColorExtension.swift in Sources */,
				4045E24D2198E46C004C4A7C /* ModelStore.swift in Sources */,
				404064B5219AF03300118309 /* ProfileViewController.swift in Sources */,
				404064BC219B170400118309 /* StripeExtension.swift in Sources */,
				404064BF219B8E3F00118309 /* Utils.swift in Sources */,
				404064B7219AF9D500118309 /* CreditCardViewController.swift in Sources */,
				404671D221A11FD400EF1ADB /* CommentTableViewCell.swift in Sources */,
				404064B3219AABD000118309 /* AppStoryboard.swift in Sources */,
				4045E1F621987508004C4A7C /* AppDelegate.swift in Sources */,
				4013194E219DAC3C0066EB0C /* Constants.swift in Sources */,
				404362B9219F1F8400CD5CB4 /* FollowTableViewController.swift in Sources */,
			);
			runOnlyForDeploymentPostprocessing = 0;
		};
		4045E2052198750A004C4A7C /* Sources */ = {
			isa = PBXSourcesBuildPhase;
			buildActionMask = 2147483647;
			files = (
				4045E20E2198750A004C4A7C /* EmprendimientoTests.swift in Sources */,
			);
			runOnlyForDeploymentPostprocessing = 0;
		};
		4045E2102198750A004C4A7C /* Sources */ = {
			isa = PBXSourcesBuildPhase;
			buildActionMask = 2147483647;
			files = (
				4045E2192198750A004C4A7C /* EmprendimientoUITests.swift in Sources */,
			);
			runOnlyForDeploymentPostprocessing = 0;
		};
/* End PBXSourcesBuildPhase section */

/* Begin PBXTargetDependency section */
		4045E20B2198750A004C4A7C /* PBXTargetDependency */ = {
			isa = PBXTargetDependency;
			target = 4045E1F121987508004C4A7C /* Emprendimiento */;
			targetProxy = 4045E20A2198750A004C4A7C /* PBXContainerItemProxy */;
		};
		4045E2162198750A004C4A7C /* PBXTargetDependency */ = {
			isa = PBXTargetDependency;
			target = 4045E1F121987508004C4A7C /* Emprendimiento */;
			targetProxy = 4045E2152198750A004C4A7C /* PBXContainerItemProxy */;
		};
/* End PBXTargetDependency section */

/* Begin PBXVariantGroup section */
		4045E2012198750A004C4A7C /* LaunchScreen.storyboard */ = {
			isa = PBXVariantGroup;
			children = (
				4045E2022198750A004C4A7C /* Base */,
			);
			name = LaunchScreen.storyboard;
			sourceTree = "<group>";
		};
/* End PBXVariantGroup section */

/* Begin XCBuildConfiguration section */
		4045E21B2198750A004C4A7C /* Debug */ = {
			isa = XCBuildConfiguration;
			buildSettings = {
				ALWAYS_SEARCH_USER_PATHS = NO;
				CLANG_ANALYZER_NONNULL = YES;
				CLANG_ANALYZER_NUMBER_OBJECT_CONVERSION = YES_AGGRESSIVE;
				CLANG_CXX_LANGUAGE_STANDARD = "gnu++14";
				CLANG_CXX_LIBRARY = "libc++";
				CLANG_ENABLE_MODULES = YES;
				CLANG_ENABLE_OBJC_ARC = YES;
				CLANG_ENABLE_OBJC_WEAK = YES;
				CLANG_WARN_BLOCK_CAPTURE_AUTORELEASING = YES;
				CLANG_WARN_BOOL_CONVERSION = YES;
				CLANG_WARN_COMMA = YES;
				CLANG_WARN_CONSTANT_CONVERSION = YES;
				CLANG_WARN_DEPRECATED_OBJC_IMPLEMENTATIONS = YES;
				CLANG_WARN_DIRECT_OBJC_ISA_USAGE = YES_ERROR;
				CLANG_WARN_DOCUMENTATION_COMMENTS = YES;
				CLANG_WARN_EMPTY_BODY = YES;
				CLANG_WARN_ENUM_CONVERSION = YES;
				CLANG_WARN_INFINITE_RECURSION = YES;
				CLANG_WARN_INT_CONVERSION = YES;
				CLANG_WARN_NON_LITERAL_NULL_CONVERSION = YES;
				CLANG_WARN_OBJC_IMPLICIT_RETAIN_SELF = YES;
				CLANG_WARN_OBJC_LITERAL_CONVERSION = YES;
				CLANG_WARN_OBJC_ROOT_CLASS = YES_ERROR;
				CLANG_WARN_RANGE_LOOP_ANALYSIS = YES;
				CLANG_WARN_STRICT_PROTOTYPES = YES;
				CLANG_WARN_SUSPICIOUS_MOVE = YES;
				CLANG_WARN_UNGUARDED_AVAILABILITY = YES_AGGRESSIVE;
				CLANG_WARN_UNREACHABLE_CODE = YES;
				CLANG_WARN__DUPLICATE_METHOD_MATCH = YES;
				CODE_SIGN_IDENTITY = "iPhone Developer";
				COPY_PHASE_STRIP = NO;
				DEBUG_INFORMATION_FORMAT = dwarf;
				ENABLE_STRICT_OBJC_MSGSEND = YES;
				ENABLE_TESTABILITY = YES;
				GCC_C_LANGUAGE_STANDARD = gnu11;
				GCC_DYNAMIC_NO_PIC = NO;
				GCC_NO_COMMON_BLOCKS = YES;
				GCC_OPTIMIZATION_LEVEL = 0;
				GCC_PREPROCESSOR_DEFINITIONS = (
					"DEBUG=1",
					"$(inherited)",
				);
				GCC_WARN_64_TO_32_BIT_CONVERSION = YES;
				GCC_WARN_ABOUT_RETURN_TYPE = YES_ERROR;
				GCC_WARN_UNDECLARED_SELECTOR = YES;
				GCC_WARN_UNINITIALIZED_AUTOS = YES_AGGRESSIVE;
				GCC_WARN_UNUSED_FUNCTION = YES;
				GCC_WARN_UNUSED_VARIABLE = YES;
				IPHONEOS_DEPLOYMENT_TARGET = 11.4;
				MTL_ENABLE_DEBUG_INFO = YES;
				ONLY_ACTIVE_ARCH = YES;
				SDKROOT = iphoneos;
				SWIFT_ACTIVE_COMPILATION_CONDITIONS = DEBUG;
				SWIFT_OPTIMIZATION_LEVEL = "-Onone";
			};
			name = Debug;
		};
		4045E21C2198750A004C4A7C /* Release */ = {
			isa = XCBuildConfiguration;
			buildSettings = {
				ALWAYS_SEARCH_USER_PATHS = NO;
				CLANG_ANALYZER_NONNULL = YES;
				CLANG_ANALYZER_NUMBER_OBJECT_CONVERSION = YES_AGGRESSIVE;
				CLANG_CXX_LANGUAGE_STANDARD = "gnu++14";
				CLANG_CXX_LIBRARY = "libc++";
				CLANG_ENABLE_MODULES = YES;
				CLANG_ENABLE_OBJC_ARC = YES;
				CLANG_ENABLE_OBJC_WEAK = YES;
				CLANG_WARN_BLOCK_CAPTURE_AUTORELEASING = YES;
				CLANG_WARN_BOOL_CONVERSION = YES;
				CLANG_WARN_COMMA = YES;
				CLANG_WARN_CONSTANT_CONVERSION = YES;
				CLANG_WARN_DEPRECATED_OBJC_IMPLEMENTATIONS = YES;
				CLANG_WARN_DIRECT_OBJC_ISA_USAGE = YES_ERROR;
				CLANG_WARN_DOCUMENTATION_COMMENTS = YES;
				CLANG_WARN_EMPTY_BODY = YES;
				CLANG_WARN_ENUM_CONVERSION = YES;
				CLANG_WARN_INFINITE_RECURSION = YES;
				CLANG_WARN_INT_CONVERSION = YES;
				CLANG_WARN_NON_LITERAL_NULL_CONVERSION = YES;
				CLANG_WARN_OBJC_IMPLICIT_RETAIN_SELF = YES;
				CLANG_WARN_OBJC_LITERAL_CONVERSION = YES;
				CLANG_WARN_OBJC_ROOT_CLASS = YES_ERROR;
				CLANG_WARN_RANGE_LOOP_ANALYSIS = YES;
				CLANG_WARN_STRICT_PROTOTYPES = YES;
				CLANG_WARN_SUSPICIOUS_MOVE = YES;
				CLANG_WARN_UNGUARDED_AVAILABILITY = YES_AGGRESSIVE;
				CLANG_WARN_UNREACHABLE_CODE = YES;
				CLANG_WARN__DUPLICATE_METHOD_MATCH = YES;
				CODE_SIGN_IDENTITY = "iPhone Developer";
				COPY_PHASE_STRIP = NO;
				DEBUG_INFORMATION_FORMAT = "dwarf-with-dsym";
				ENABLE_NS_ASSERTIONS = NO;
				ENABLE_STRICT_OBJC_MSGSEND = YES;
				GCC_C_LANGUAGE_STANDARD = gnu11;
				GCC_NO_COMMON_BLOCKS = YES;
				GCC_WARN_64_TO_32_BIT_CONVERSION = YES;
				GCC_WARN_ABOUT_RETURN_TYPE = YES_ERROR;
				GCC_WARN_UNDECLARED_SELECTOR = YES;
				GCC_WARN_UNINITIALIZED_AUTOS = YES_AGGRESSIVE;
				GCC_WARN_UNUSED_FUNCTION = YES;
				GCC_WARN_UNUSED_VARIABLE = YES;
				IPHONEOS_DEPLOYMENT_TARGET = 11.4;
				MTL_ENABLE_DEBUG_INFO = NO;
				SDKROOT = iphoneos;
				SWIFT_COMPILATION_MODE = wholemodule;
				SWIFT_OPTIMIZATION_LEVEL = "-O";
				VALIDATE_PRODUCT = YES;
			};
			name = Release;
		};
		4045E21E2198750A004C4A7C /* Debug */ = {
			isa = XCBuildConfiguration;
			baseConfigurationReference = 794591F2223605DB04B298E1 /* Pods-Emprendimiento.debug.xcconfig */;
			buildSettings = {
				ASSETCATALOG_COMPILER_APPICON_NAME = AppIcon;
				CODE_SIGN_STYLE = Automatic;
				DEVELOPMENT_TEAM = TQ4Y5Q73BC;
				INFOPLIST_FILE = Emprendimiento/Info.plist;
				LD_RUNPATH_SEARCH_PATHS = (
					"$(inherited)",
					"@executable_path/Frameworks",
				);
				PRODUCT_BUNDLE_IDENTIFIER = pe.edu.upc.Emprendimiento;
				PRODUCT_NAME = "$(TARGET_NAME)";
				SWIFT_VERSION = 4.0;
				TARGETED_DEVICE_FAMILY = "1,2";
			};
			name = Debug;
		};
		4045E21F2198750A004C4A7C /* Release */ = {
			isa = XCBuildConfiguration;
			baseConfigurationReference = 4423F6BAD884679C2F747D0F /* Pods-Emprendimiento.release.xcconfig */;
			buildSettings = {
				ASSETCATALOG_COMPILER_APPICON_NAME = AppIcon;
				CODE_SIGN_STYLE = Automatic;
				DEVELOPMENT_TEAM = TQ4Y5Q73BC;
				INFOPLIST_FILE = Emprendimiento/Info.plist;
				LD_RUNPATH_SEARCH_PATHS = (
					"$(inherited)",
					"@executable_path/Frameworks",
				);
				PRODUCT_BUNDLE_IDENTIFIER = pe.edu.upc.Emprendimiento;
				PRODUCT_NAME = "$(TARGET_NAME)";
				SWIFT_VERSION = 4.0;
				TARGETED_DEVICE_FAMILY = "1,2";
			};
			name = Release;
		};
		4045E2212198750A004C4A7C /* Debug */ = {
			isa = XCBuildConfiguration;
			baseConfigurationReference = 4AFA5A993DE86A9642060053 /* Pods-EmprendimientoTests.debug.xcconfig */;
			buildSettings = {
				ALWAYS_EMBED_SWIFT_STANDARD_LIBRARIES = YES;
				BUNDLE_LOADER = "$(TEST_HOST)";
				CODE_SIGN_STYLE = Automatic;
				DEVELOPMENT_TEAM = TQ4Y5Q73BC;
				INFOPLIST_FILE = EmprendimientoTests/Info.plist;
				LD_RUNPATH_SEARCH_PATHS = (
					"$(inherited)",
					"@executable_path/Frameworks",
					"@loader_path/Frameworks",
				);
				PRODUCT_BUNDLE_IDENTIFIER = pe.edu.upc.EmprendimientoTests;
				PRODUCT_NAME = "$(TARGET_NAME)";
				SWIFT_VERSION = 4.0;
				TARGETED_DEVICE_FAMILY = "1,2";
				TEST_HOST = "$(BUILT_PRODUCTS_DIR)/Emprendimiento.app/Emprendimiento";
			};
			name = Debug;
		};
		4045E2222198750A004C4A7C /* Release */ = {
			isa = XCBuildConfiguration;
			baseConfigurationReference = 3AB82EEF05BA0A759EBA948C /* Pods-EmprendimientoTests.release.xcconfig */;
			buildSettings = {
				ALWAYS_EMBED_SWIFT_STANDARD_LIBRARIES = YES;
				BUNDLE_LOADER = "$(TEST_HOST)";
				CODE_SIGN_STYLE = Automatic;
				DEVELOPMENT_TEAM = TQ4Y5Q73BC;
				INFOPLIST_FILE = EmprendimientoTests/Info.plist;
				LD_RUNPATH_SEARCH_PATHS = (
					"$(inherited)",
					"@executable_path/Frameworks",
					"@loader_path/Frameworks",
				);
				PRODUCT_BUNDLE_IDENTIFIER = pe.edu.upc.EmprendimientoTests;
				PRODUCT_NAME = "$(TARGET_NAME)";
				SWIFT_VERSION = 4.0;
				TARGETED_DEVICE_FAMILY = "1,2";
				TEST_HOST = "$(BUILT_PRODUCTS_DIR)/Emprendimiento.app/Emprendimiento";
			};
			name = Release;
		};
		4045E2242198750A004C4A7C /* Debug */ = {
			isa = XCBuildConfiguration;
			baseConfigurationReference = 5BE797AB67CCFAFA7EB4ACF0 /* Pods-EmprendimientoUITests.debug.xcconfig */;
			buildSettings = {
				ALWAYS_EMBED_SWIFT_STANDARD_LIBRARIES = YES;
				CODE_SIGN_STYLE = Automatic;
				DEVELOPMENT_TEAM = TQ4Y5Q73BC;
				INFOPLIST_FILE = EmprendimientoUITests/Info.plist;
				LD_RUNPATH_SEARCH_PATHS = (
					"$(inherited)",
					"@executable_path/Frameworks",
					"@loader_path/Frameworks",
				);
				PRODUCT_BUNDLE_IDENTIFIER = pe.edu.upc.EmprendimientoUITests;
				PRODUCT_NAME = "$(TARGET_NAME)";
				SWIFT_VERSION = 4.0;
				TARGETED_DEVICE_FAMILY = "1,2";
				TEST_TARGET_NAME = Emprendimiento;
			};
			name = Debug;
		};
		4045E2252198750A004C4A7C /* Release */ = {
			isa = XCBuildConfiguration;
			baseConfigurationReference = 2E2CD29D2FE03BB4F4E145CD /* Pods-EmprendimientoUITests.release.xcconfig */;
			buildSettings = {
				ALWAYS_EMBED_SWIFT_STANDARD_LIBRARIES = YES;
				CODE_SIGN_STYLE = Automatic;
				DEVELOPMENT_TEAM = TQ4Y5Q73BC;
				INFOPLIST_FILE = EmprendimientoUITests/Info.plist;
				LD_RUNPATH_SEARCH_PATHS = (
					"$(inherited)",
					"@executable_path/Frameworks",
					"@loader_path/Frameworks",
				);
				PRODUCT_BUNDLE_IDENTIFIER = pe.edu.upc.EmprendimientoUITests;
				PRODUCT_NAME = "$(TARGET_NAME)";
				SWIFT_VERSION = 4.0;
				TARGETED_DEVICE_FAMILY = "1,2";
				TEST_TARGET_NAME = Emprendimiento;
			};
			name = Release;
		};
/* End XCBuildConfiguration section */

/* Begin XCConfigurationList section */
		4045E1ED21987508004C4A7C /* Build configuration list for PBXProject "Emprendimiento" */ = {
			isa = XCConfigurationList;
			buildConfigurations = (
				4045E21B2198750A004C4A7C /* Debug */,
				4045E21C2198750A004C4A7C /* Release */,
			);
			defaultConfigurationIsVisible = 0;
			defaultConfigurationName = Release;
		};
		4045E21D2198750A004C4A7C /* Build configuration list for PBXNativeTarget "Emprendimiento" */ = {
			isa = XCConfigurationList;
			buildConfigurations = (
				4045E21E2198750A004C4A7C /* Debug */,
				4045E21F2198750A004C4A7C /* Release */,
			);
			defaultConfigurationIsVisible = 0;
			defaultConfigurationName = Release;
		};
		4045E2202198750A004C4A7C /* Build configuration list for PBXNativeTarget "EmprendimientoTests" */ = {
			isa = XCConfigurationList;
			buildConfigurations = (
				4045E2212198750A004C4A7C /* Debug */,
				4045E2222198750A004C4A7C /* Release */,
			);
			defaultConfigurationIsVisible = 0;
			defaultConfigurationName = Release;
		};
		4045E2232198750A004C4A7C /* Build configuration list for PBXNativeTarget "EmprendimientoUITests" */ = {
			isa = XCConfigurationList;
			buildConfigurations = (
				4045E2242198750A004C4A7C /* Debug */,
				4045E2252198750A004C4A7C /* Release */,
			);
			defaultConfigurationIsVisible = 0;
			defaultConfigurationName = Release;
		};
/* End XCConfigurationList section */

/* Begin XCVersionGroup section */
		4045E1FC21987508004C4A7C /* Emprendimiento.xcdatamodeld */ = {
			isa = XCVersionGroup;
			children = (
				4045E1FD21987508004C4A7C /* Emprendimiento.xcdatamodel */,
			);
			currentVersion = 4045E1FD21987508004C4A7C /* Emprendimiento.xcdatamodel */;
			path = Emprendimiento.xcdatamodeld;
			sourceTree = "<group>";
			versionGroupType = wrapper.xcdatamodel;
		};
/* End XCVersionGroup section */
	};
	rootObject = 4045E1EA21987508004C4A7C /* Project object */;
}
